PODS:
  - Expecta (1.0.2)
  - SimpleDateFormatting (0.1.1)
  - Specta (1.0.3)

DEPENDENCIES:
  - Expecta
  - SimpleDateFormatting (from `../`)
  - Specta

EXTERNAL SOURCES:
  SimpleDateFormatting:
    :path: ../

SPEC CHECKSUMS:
  Expecta: 54e8a3530add08f4f0208c111355eda7cde74a53
  SimpleDateFormatting: 957a9a1dce8d76769252ba8b99c7f9a56ae6a3d4
  Specta: cf3e4188cf35375c3ee2cd03f8db8f1f4ef98234

COCOAPODS: 0.38.2
