PODS:
  - Expecta (1.0.2)
  - SimpleDateFormatting (0.1.0)
  - Specta (1.0.3)

DEPENDENCIES:
  - Expecta
  - SimpleDateFormatting (from `../`)
  - Specta

EXTERNAL SOURCES:
  SimpleDateFormatting:
    :path: ../

SPEC CHECKSUMS:
  Expecta: 54e8a3530add08f4f0208c111355eda7cde74a53
  SimpleDateFormatting: b6b77096c49195c59a640ee75aa27ed056013d5f
  Specta: cf3e4188cf35375c3ee2cd03f8db8f1f4ef98234

COCOAPODS: 0.38.2
